
Microsoft Visual Studio Solution File, Format Version 12.00
# Visual Studio Version 16
VisualStudioVersion = 16.0.30011.22
MinimumVisualStudioVersion = 10.0.40219.1
Project("{00D1A9C2-B5F0-4AF3-8072-F6C62B433612}") = "KingdomAdministrationDB", "KingdomAdministrationDB\KingdomAdministrationDB.sqlproj", "{45DB49BF-7249-4440-8E6B-E61680CAF449}"
EndProject
Project("{FAE04EC0-301F-11D3-BF4B-00C04F79EFBC}") = "DataLibrary", "DataLibrary\DataLibrary.csproj", "{14AD6FDF-F43F-4AA8-9720-7F7BCA953199}"
EndProject
Global
	GlobalSection(SolutionConfigurationPlatforms) = preSolution
		Debug|Any CPU = Debug|Any CPU
		Release|Any CPU = Release|Any CPU
	EndGlobalSection
	GlobalSection(ProjectConfigurationPlatforms) = postSolution
		{45DB49BF-7249-4440-8E6B-E61680CAF449}.Debug|Any CPU.ActiveCfg = Debug|Any CPU
		{45DB49BF-7249-4440-8E6B-E61680CAF449}.Debug|Any CPU.Build.0 = Debug|Any CPU
		{45DB49BF-7249-4440-8E6B-E61680CAF449}.Debug|Any CPU.Deploy.0 = Debug|Any CPU
		{45DB49BF-7249-4440-8E6B-E61680CAF449}.Release|Any CPU.ActiveCfg = Release|Any CPU
		{45DB49BF-7249-4440-8E6B-E61680CAF449}.Release|Any CPU.Build.0 = Release|Any CPU
		{45DB49BF-7249-4440-8E6B-E61680CAF449}.Release|Any CPU.Deploy.0 = Release|Any CPU
		{14AD6FDF-F43F-4AA8-9720-7F7BCA953199}.Debug|Any CPU.ActiveCfg = Debug|Any CPU
		{14AD6FDF-F43F-4AA8-9720-7F7BCA953199}.Debug|Any CPU.Build.0 = Debug|Any CPU
		{14AD6FDF-F43F-4AA8-9720-7F7BCA953199}.Release|Any CPU.ActiveCfg = Release|Any CPU
		{14AD6FDF-F43F-4AA8-9720-7F7BCA953199}.Release|Any CPU.Build.0 = Release|Any CPU
	EndGlobalSection
	GlobalSection(SolutionProperties) = preSolution
		HideSolutionNode = FALSE
	EndGlobalSection
	GlobalSection(ExtensibilityGlobals) = postSolution
		SolutionGuid = {C1F8935A-6E64-4FF6-8E34-8DA0C6E50CE8}
	EndGlobalSection
EndGlobal
